
Microsoft Visual Studio Solution File, Format Version 12.00
# Visual Studio Version 17
VisualStudioVersion = 17.5.33502.453
MinimumVisualStudioVersion = 10.0.40219.1
Project("{9A19103F-16F7-4668-BE54-9A1E7A4F7556}") = "SomeAPIEFCore", "SomeAPIEFCore\SomeAPIEFCore.csproj", "{8A605AA7-3436-40F7-BD8A-1AC47B0E79D1}"
EndProject
Project("{9A19103F-16F7-4668-BE54-9A1E7A4F7556}") = "GettingStarted", "GettingStarted\GettingStarted.csproj", "{7DDA273E-B514-49B5-B780-5412DEE6A9F7}"
EndProject
Project("{FAE04EC0-301F-11D3-BF4B-00C04F79EFBC}") = "KeycloakTest", "KeycloakTest\KeycloakTest.csproj", "{BA45A5B1-A7D5-4B19-A8F3-4585A9CAD99B}"
EndProject
Project("{2150E333-8FDC-42A3-9474-1A3956D46DE8}") = "Solution Items", "Solution Items", "{709CFA10-3BDC-4274-B927-8B960143F441}"
EndProject
Project("{E53339B2-1760-4266-BCC7-CA923CBCF16C}") = "docker-compose", "docker-compose.dcproj", "{EB3E0168-62B8-4DD9-9B6E-66C2F189B9E8}"
EndProject
Global
	GlobalSection(SolutionConfigurationPlatforms) = preSolution
		Debug|Any CPU = Debug|Any CPU
		Release|Any CPU = Release|Any CPU
	EndGlobalSection
	GlobalSection(ProjectConfigurationPlatforms) = postSolution
		{8A605AA7-3436-40F7-BD8A-1AC47B0E79D1}.Debug|Any CPU.ActiveCfg = Debug|Any CPU
		{8A605AA7-3436-40F7-BD8A-1AC47B0E79D1}.Debug|Any CPU.Build.0 = Debug|Any CPU
		{8A605AA7-3436-40F7-BD8A-1AC47B0E79D1}.Release|Any CPU.ActiveCfg = Release|Any CPU
		{8A605AA7-3436-40F7-BD8A-1AC47B0E79D1}.Release|Any CPU.Build.0 = Release|Any CPU
		{7DDA273E-B514-49B5-B780-5412DEE6A9F7}.Debug|Any CPU.ActiveCfg = Debug|Any CPU
		{7DDA273E-B514-49B5-B780-5412DEE6A9F7}.Debug|Any CPU.Build.0 = Debug|Any CPU
		{7DDA273E-B514-49B5-B780-5412DEE6A9F7}.Release|Any CPU.ActiveCfg = Release|Any CPU
		{7DDA273E-B514-49B5-B780-5412DEE6A9F7}.Release|Any CPU.Build.0 = Release|Any CPU
		{BA45A5B1-A7D5-4B19-A8F3-4585A9CAD99B}.Debug|Any CPU.ActiveCfg = Debug|Any CPU
		{BA45A5B1-A7D5-4B19-A8F3-4585A9CAD99B}.Debug|Any CPU.Build.0 = Debug|Any CPU
		{BA45A5B1-A7D5-4B19-A8F3-4585A9CAD99B}.Release|Any CPU.ActiveCfg = Release|Any CPU
		{BA45A5B1-A7D5-4B19-A8F3-4585A9CAD99B}.Release|Any CPU.Build.0 = Release|Any CPU
		{EB3E0168-62B8-4DD9-9B6E-66C2F189B9E8}.Debug|Any CPU.ActiveCfg = Debug|Any CPU
		{EB3E0168-62B8-4DD9-9B6E-66C2F189B9E8}.Debug|Any CPU.Build.0 = Debug|Any CPU
		{EB3E0168-62B8-4DD9-9B6E-66C2F189B9E8}.Release|Any CPU.ActiveCfg = Release|Any CPU
		{EB3E0168-62B8-4DD9-9B6E-66C2F189B9E8}.Release|Any CPU.Build.0 = Release|Any CPU
	EndGlobalSection
	GlobalSection(SolutionProperties) = preSolution
		HideSolutionNode = FALSE
	EndGlobalSection
	GlobalSection(ExtensibilityGlobals) = postSolution
		SolutionGuid = {07202861-4689-4793-BD2F-EEC17D194AA5}
	EndGlobalSection
EndGlobal
